
Microsoft Visual Studio Solution File, Format Version 12.00
# Visual Studio 15
VisualStudioVersion = 15.0.28307.1000
MinimumVisualStudioVersion = 10.0.40219.1
Project("{FAE04EC0-301F-11D3-BF4B-00C04F79EFBC}") = "UnitTestSelectareZbor", "UnitTestSelectareZbor\UnitTestSelectareZbor.csproj", "{BD9D112D-DA6F-4D57-B411-D187AA83265D}"
EndProject
Global
	GlobalSection(SolutionConfigurationPlatforms) = preSolution
		Debug|Any CPU = Debug|Any CPU
		Release|Any CPU = Release|Any CPU
	EndGlobalSection
	GlobalSection(ProjectConfigurationPlatforms) = postSolution
		{BD9D112D-DA6F-4D57-B411-D187AA83265D}.Debug|Any CPU.ActiveCfg = Debug|Any CPU
		{BD9D112D-DA6F-4D57-B411-D187AA83265D}.Debug|Any CPU.Build.0 = Debug|Any CPU
		{BD9D112D-DA6F-4D57-B411-D187AA83265D}.Release|Any CPU.ActiveCfg = Release|Any CPU
		{BD9D112D-DA6F-4D57-B411-D187AA83265D}.Release|Any CPU.Build.0 = Release|Any CPU
	EndGlobalSection
	GlobalSection(SolutionProperties) = preSolution
		HideSolutionNode = FALSE
	EndGlobalSection
	GlobalSection(ExtensibilityGlobals) = postSolution
		SolutionGuid = {60F968E9-CC57-4B0C-B5B5-269F8E0776FE}
	EndGlobalSection
EndGlobal
